// !$*UTF8*$!
{
	archiveVersion = 1;
	classes = {
	};
	objectVersion = 50;
	objects = {

/* Begin PBXBuildFile section */
		6E5C4E452F5AB478B2F431BA /* Pods_tengwangge.framework in Frameworks */ = {isa = PBXBuildFile; fileRef = CBB108C25901675EB83216DA /* Pods_tengwangge.framework */; };
		AF442509216EE2B600A7EFBB /* AppDelegate.m in Sources */ = {isa = PBXBuildFile; fileRef = AF442508216EE2B600A7EFBB /* AppDelegate.m */; };
		AF44250F216EE2B600A7EFBB /* Main.storyboard in Resources */ = {isa = PBXBuildFile; fileRef = AF44250D216EE2B600A7EFBB /* Main.storyboard */; };
		AF442511216EE2B800A7EFBB /* Assets.xcassets in Resources */ = {isa = PBXBuildFile; fileRef = AF442510216EE2B800A7EFBB /* Assets.xcassets */; };
		AF442514216EE2B800A7EFBB /* LaunchScreen.storyboard in Resources */ = {isa = PBXBuildFile; fileRef = AF442512216EE2B800A7EFBB /* LaunchScreen.storyboard */; };
		AF442517216EE2B800A7EFBB /* main.m in Sources */ = {isa = PBXBuildFile; fileRef = AF442516216EE2B800A7EFBB /* main.m */; };
		AF442521216EE2B800A7EFBB /* tengwanggeTests.m in Sources */ = {isa = PBXBuildFile; fileRef = AF442520216EE2B800A7EFBB /* tengwanggeTests.m */; };
		AF44252C216EE2B800A7EFBB /* tengwanggeUITests.m in Sources */ = {isa = PBXBuildFile; fileRef = AF44252B216EE2B800A7EFBB /* tengwanggeUITests.m */; };
		AF44253B216EED9000A7EFBB /* YHBaseNavigationController.m in Sources */ = {isa = PBXBuildFile; fileRef = AF44253A216EED9000A7EFBB /* YHBaseNavigationController.m */; };
		AF44253E216EEF2500A7EFBB /* MainViewController.m in Sources */ = {isa = PBXBuildFile; fileRef = AF44253D216EEF2500A7EFBB /* MainViewController.m */; };
		AF442544216F21C900A7EFBB /* MainViewActionButton.m in Sources */ = {isa = PBXBuildFile; fileRef = AF442543216F21C900A7EFBB /* MainViewActionButton.m */; };
		AF776688217082AB00CAB5DE /* PayModel.m in Sources */ = {isa = PBXBuildFile; fileRef = AF776687217082AB00CAB5DE /* PayModel.m */; };
		AF77668C2170834E00CAB5DE /* PayTableViewCell.m in Sources */ = {isa = PBXBuildFile; fileRef = AF77668A2170834E00CAB5DE /* PayTableViewCell.m */; };
		AF77668D2170834E00CAB5DE /* PayTableViewCell.xib in Resources */ = {isa = PBXBuildFile; fileRef = AF77668B2170834E00CAB5DE /* PayTableViewCell.xib */; };
		AF77669121709BF700CAB5DE /* MessageTableViewCell.m in Sources */ = {isa = PBXBuildFile; fileRef = AF77668F21709BF700CAB5DE /* MessageTableViewCell.m */; };
		AF77669221709BF700CAB5DE /* MessageTableViewCell.xib in Resources */ = {isa = PBXBuildFile; fileRef = AF77669021709BF700CAB5DE /* MessageTableViewCell.xib */; };
		AFFBF026216F381200A32F57 /* ComplaintsViewController.m in Sources */ = {isa = PBXBuildFile; fileRef = AFFBF025216F381200A32F57 /* ComplaintsViewController.m */; };
		AFFBF029216F3A9500A32F57 /* UIViewController+YHViewControllerBaseCategory.m in Sources */ = {isa = PBXBuildFile; fileRef = AFFBF028216F3A9500A32F57 /* UIViewController+YHViewControllerBaseCategory.m */; };
		AFFBF02C216F3D6200A32F57 /* PayViewController.m in Sources */ = {isa = PBXBuildFile; fileRef = AFFBF02B216F3D6200A32F57 /* PayViewController.m */; };
		AFFBF02F216F3DE300A32F57 /* MessageViewController.m in Sources */ = {isa = PBXBuildFile; fileRef = AFFBF02E216F3DE300A32F57 /* MessageViewController.m */; };
		AFFBF032216F43BD00A32F57 /* MessageModel.m in Sources */ = {isa = PBXBuildFile; fileRef = AFFBF031216F43BD00A32F57 /* MessageModel.m */; };
		AFFBF035216F46C800A32F57 /* MessageInfoViewController.m in Sources */ = {isa = PBXBuildFile; fileRef = AFFBF034216F46C800A32F57 /* MessageInfoViewController.m */; };
		AFFBF038216F4D2800A32F57 /* ComplaintsModel.m in Sources */ = {isa = PBXBuildFile; fileRef = AFFBF037216F4D2800A32F57 /* ComplaintsModel.m */; };
		AFFBF03C216F4E7500A32F57 /* ComplainTableViewCell.m in Sources */ = {isa = PBXBuildFile; fileRef = AFFBF03A216F4E7500A32F57 /* ComplainTableViewCell.m */; };
		AFFBF03D216F4E7500A32F57 /* ComplainTableViewCell.xib in Resources */ = {isa = PBXBuildFile; fileRef = AFFBF03B216F4E7500A32F57 /* ComplainTableViewCell.xib */; };
		AFFBF040216F588500A32F57 /* ComplaintsPutViewController.m in Sources */ = {isa = PBXBuildFile; fileRef = AFFBF03F216F588500A32F57 /* ComplaintsPutViewController.m */; };
/* End PBXBuildFile section */

/* Begin PBXContainerItemProxy section */
		AF44251D216EE2B800A7EFBB /* PBXContainerItemProxy */ = {
			isa = PBXContainerItemProxy;
			containerPortal = AF4424FC216EE2B600A7EFBB /* Project object */;
			proxyType = 1;
			remoteGlobalIDString = AF442503216EE2B600A7EFBB;
			remoteInfo = tengwangge;
		};
		AF442528216EE2B800A7EFBB /* PBXContainerItemProxy */ = {
			isa = PBXContainerItemProxy;
			containerPortal = AF4424FC216EE2B600A7EFBB /* Project object */;
			proxyType = 1;
			remoteGlobalIDString = AF442503216EE2B600A7EFBB;
			remoteInfo = tengwangge;
		};
/* End PBXContainerItemProxy section */

/* Begin PBXFileReference section */
		0D2316DE4F7D72D53B52A17E /* Pods-tengwangge.release.xcconfig */ = {isa = PBXFileReference; includeInIndex = 1; lastKnownFileType = text.xcconfig; name = "Pods-tengwangge.release.xcconfig"; path = "Pods/Target Support Files/Pods-tengwangge/Pods-tengwangge.release.xcconfig"; sourceTree = "<group>"; };
		9BBF1DDEE018D5BBF3FF1A16 /* Pods-tengwangge.debug.xcconfig */ = {isa = PBXFileReference; includeInIndex = 1; lastKnownFileType = text.xcconfig; name = "Pods-tengwangge.debug.xcconfig"; path = "Pods/Target Support Files/Pods-tengwangge/Pods-tengwangge.debug.xcconfig"; sourceTree = "<group>"; };
		AF442504216EE2B600A7EFBB /* tengwangge.app */ = {isa = PBXFileReference; explicitFileType = wrapper.application; includeInIndex = 0; path = tengwangge.app; sourceTree = BUILT_PRODUCTS_DIR; };
		AF442507216EE2B600A7EFBB /* AppDelegate.h */ = {isa = PBXFileReference; lastKnownFileType = sourcecode.c.h; path = AppDelegate.h; sourceTree = "<group>"; };
		AF442508216EE2B600A7EFBB /* AppDelegate.m */ = {isa = PBXFileReference; lastKnownFileType = sourcecode.c.objc; path = AppDelegate.m; sourceTree = "<group>"; };
		AF44250E216EE2B600A7EFBB /* Base */ = {isa = PBXFileReference; lastKnownFileType = file.storyboard; name = Base; path = Base.lproj/Main.storyboard; sourceTree = "<group>"; };
		AF442510216EE2B800A7EFBB /* Assets.xcassets */ = {isa = PBXFileReference; lastKnownFileType = folder.assetcatalog; path = Assets.xcassets; sourceTree = "<group>"; };
		AF442513216EE2B800A7EFBB /* Base */ = {isa = PBXFileReference; lastKnownFileType = file.storyboard; name = Base; path = Base.lproj/LaunchScreen.storyboard; sourceTree = "<group>"; };
		AF442515216EE2B800A7EFBB /* Info.plist */ = {isa = PBXFileReference; lastKnownFileType = text.plist.xml; path = Info.plist; sourceTree = "<group>"; };
		AF442516216EE2B800A7EFBB /* main.m */ = {isa = PBXFileReference; lastKnownFileType = sourcecode.c.objc; path = main.m; sourceTree = "<group>"; };
		AF44251C216EE2B800A7EFBB /* tengwanggeTests.xctest */ = {isa = PBXFileReference; explicitFileType = wrapper.cfbundle; includeInIndex = 0; path = tengwanggeTests.xctest; sourceTree = BUILT_PRODUCTS_DIR; };
		AF442520216EE2B800A7EFBB /* tengwanggeTests.m */ = {isa = PBXFileReference; lastKnownFileType = sourcecode.c.objc; path = tengwanggeTests.m; sourceTree = "<group>"; };
		AF442522216EE2B800A7EFBB /* Info.plist */ = {isa = PBXFileReference; lastKnownFileType = text.plist.xml; path = Info.plist; sourceTree = "<group>"; };
		AF442527216EE2B800A7EFBB /* tengwanggeUITests.xctest */ = {isa = PBXFileReference; explicitFileType = wrapper.cfbundle; includeInIndex = 0; path = tengwanggeUITests.xctest; sourceTree = BUILT_PRODUCTS_DIR; };
		AF44252B216EE2B800A7EFBB /* tengwanggeUITests.m */ = {isa = PBXFileReference; lastKnownFileType = sourcecode.c.objc; path = tengwanggeUITests.m; sourceTree = "<group>"; };
		AF44252D216EE2B800A7EFBB /* Info.plist */ = {isa = PBXFileReference; lastKnownFileType = text.plist.xml; path = Info.plist; sourceTree = "<group>"; };
		AF442539216EED9000A7EFBB /* YHBaseNavigationController.h */ = {isa = PBXFileReference; fileEncoding = 4; lastKnownFileType = sourcecode.c.h; path = YHBaseNavigationController.h; sourceTree = "<group>"; };
		AF44253A216EED9000A7EFBB /* YHBaseNavigationController.m */ = {isa = PBXFileReference; fileEncoding = 4; lastKnownFileType = sourcecode.c.objc; path = YHBaseNavigationController.m; sourceTree = "<group>"; };
		AF44253C216EEF2500A7EFBB /* MainViewController.h */ = {isa = PBXFileReference; lastKnownFileType = sourcecode.c.h; path = MainViewController.h; sourceTree = "<group>"; };
		AF44253D216EEF2500A7EFBB /* MainViewController.m */ = {isa = PBXFileReference; lastKnownFileType = sourcecode.c.objc; path = MainViewController.m; sourceTree = "<group>"; };
		AF442542216F21C900A7EFBB /* MainViewActionButton.h */ = {isa = PBXFileReference; lastKnownFileType = sourcecode.c.h; path = MainViewActionButton.h; sourceTree = "<group>"; };
		AF442543216F21C900A7EFBB /* MainViewActionButton.m */ = {isa = PBXFileReference; lastKnownFileType = sourcecode.c.objc; path = MainViewActionButton.m; sourceTree = "<group>"; };
		AF776686217082AB00CAB5DE /* PayModel.h */ = {isa = PBXFileReference; lastKnownFileType = sourcecode.c.h; path = PayModel.h; sourceTree = "<group>"; };
		AF776687217082AB00CAB5DE /* PayModel.m */ = {isa = PBXFileReference; lastKnownFileType = sourcecode.c.objc; path = PayModel.m; sourceTree = "<group>"; };
		AF7766892170834E00CAB5DE /* PayTableViewCell.h */ = {isa = PBXFileReference; lastKnownFileType = sourcecode.c.h; path = PayTableViewCell.h; sourceTree = "<group>"; };
		AF77668A2170834E00CAB5DE /* PayTableViewCell.m */ = {isa = PBXFileReference; lastKnownFileType = sourcecode.c.objc; path = PayTableViewCell.m; sourceTree = "<group>"; };
		AF77668B2170834E00CAB5DE /* PayTableViewCell.xib */ = {isa = PBXFileReference; lastKnownFileType = file.xib; path = PayTableViewCell.xib; sourceTree = "<group>"; };
		AF77668E21709BF700CAB5DE /* MessageTableViewCell.h */ = {isa = PBXFileReference; lastKnownFileType = sourcecode.c.h; path = MessageTableViewCell.h; sourceTree = "<group>"; };
		AF77668F21709BF700CAB5DE /* MessageTableViewCell.m */ = {isa = PBXFileReference; lastKnownFileType = sourcecode.c.objc; path = MessageTableViewCell.m; sourceTree = "<group>"; };
		AF77669021709BF700CAB5DE /* MessageTableViewCell.xib */ = {isa = PBXFileReference; lastKnownFileType = file.xib; path = MessageTableViewCell.xib; sourceTree = "<group>"; };
		AFFBF024216F381200A32F57 /* ComplaintsViewController.h */ = {isa = PBXFileReference; lastKnownFileType = sourcecode.c.h; path = ComplaintsViewController.h; sourceTree = "<group>"; };
		AFFBF025216F381200A32F57 /* ComplaintsViewController.m */ = {isa = PBXFileReference; lastKnownFileType = sourcecode.c.objc; path = ComplaintsViewController.m; sourceTree = "<group>"; };
		AFFBF027216F3A9500A32F57 /* UIViewController+YHViewControllerBaseCategory.h */ = {isa = PBXFileReference; lastKnownFileType = sourcecode.c.h; path = "UIViewController+YHViewControllerBaseCategory.h"; sourceTree = "<group>"; };
		AFFBF028216F3A9500A32F57 /* UIViewController+YHViewControllerBaseCategory.m */ = {isa = PBXFileReference; lastKnownFileType = sourcecode.c.objc; path = "UIViewController+YHViewControllerBaseCategory.m"; sourceTree = "<group>"; };
		AFFBF02A216F3D6200A32F57 /* PayViewController.h */ = {isa = PBXFileReference; lastKnownFileType = sourcecode.c.h; path = PayViewController.h; sourceTree = "<group>"; };
		AFFBF02B216F3D6200A32F57 /* PayViewController.m */ = {isa = PBXFileReference; lastKnownFileType = sourcecode.c.objc; path = PayViewController.m; sourceTree = "<group>"; };
		AFFBF02D216F3DE300A32F57 /* MessageViewController.h */ = {isa = PBXFileReference; lastKnownFileType = sourcecode.c.h; path = MessageViewController.h; sourceTree = "<group>"; };
		AFFBF02E216F3DE300A32F57 /* MessageViewController.m */ = {isa = PBXFileReference; lastKnownFileType = sourcecode.c.objc; path = MessageViewController.m; sourceTree = "<group>"; };
		AFFBF030216F43BD00A32F57 /* MessageModel.h */ = {isa = PBXFileReference; lastKnownFileType = sourcecode.c.h; path = MessageModel.h; sourceTree = "<group>"; };
		AFFBF031216F43BD00A32F57 /* MessageModel.m */ = {isa = PBXFileReference; lastKnownFileType = sourcecode.c.objc; path = MessageModel.m; sourceTree = "<group>"; };
		AFFBF033216F46C800A32F57 /* MessageInfoViewController.h */ = {isa = PBXFileReference; lastKnownFileType = sourcecode.c.h; path = MessageInfoViewController.h; sourceTree = "<group>"; };
		AFFBF034216F46C800A32F57 /* MessageInfoViewController.m */ = {isa = PBXFileReference; lastKnownFileType = sourcecode.c.objc; path = MessageInfoViewController.m; sourceTree = "<group>"; };
		AFFBF036216F4D2800A32F57 /* ComplaintsModel.h */ = {isa = PBXFileReference; lastKnownFileType = sourcecode.c.h; path = ComplaintsModel.h; sourceTree = "<group>"; };
		AFFBF037216F4D2800A32F57 /* ComplaintsModel.m */ = {isa = PBXFileReference; lastKnownFileType = sourcecode.c.objc; path = ComplaintsModel.m; sourceTree = "<group>"; };
		AFFBF039216F4E7500A32F57 /* ComplainTableViewCell.h */ = {isa = PBXFileReference; lastKnownFileType = sourcecode.c.h; path = ComplainTableViewCell.h; sourceTree = "<group>"; };
		AFFBF03A216F4E7500A32F57 /* ComplainTableViewCell.m */ = {isa = PBXFileReference; lastKnownFileType = sourcecode.c.objc; path = ComplainTableViewCell.m; sourceTree = "<group>"; };
		AFFBF03B216F4E7500A32F57 /* ComplainTableViewCell.xib */ = {isa = PBXFileReference; lastKnownFileType = file.xib; path = ComplainTableViewCell.xib; sourceTree = "<group>"; };
		AFFBF03E216F588500A32F57 /* ComplaintsPutViewController.h */ = {isa = PBXFileReference; lastKnownFileType = sourcecode.c.h; path = ComplaintsPutViewController.h; sourceTree = "<group>"; };
		AFFBF03F216F588500A32F57 /* ComplaintsPutViewController.m */ = {isa = PBXFileReference; lastKnownFileType = sourcecode.c.objc; path = ComplaintsPutViewController.m; sourceTree = "<group>"; };
		CBB108C25901675EB83216DA /* Pods_tengwangge.framework */ = {isa = PBXFileReference; explicitFileType = wrapper.framework; includeInIndex = 0; path = Pods_tengwangge.framework; sourceTree = BUILT_PRODUCTS_DIR; };
/* End PBXFileReference section */

/* Begin PBXFrameworksBuildPhase section */
		AF442501216EE2B600A7EFBB /* Frameworks */ = {
			isa = PBXFrameworksBuildPhase;
			buildActionMask = 2147483647;
			files = (
				6E5C4E452F5AB478B2F431BA /* Pods_tengwangge.framework in Frameworks */,
			);
			runOnlyForDeploymentPostprocessing = 0;
		};
		AF442519216EE2B800A7EFBB /* Frameworks */ = {
			isa = PBXFrameworksBuildPhase;
			buildActionMask = 2147483647;
			files = (
			);
			runOnlyForDeploymentPostprocessing = 0;
		};
		AF442524216EE2B800A7EFBB /* Frameworks */ = {
			isa = PBXFrameworksBuildPhase;
			buildActionMask = 2147483647;
			files = (
			);
			runOnlyForDeploymentPostprocessing = 0;
		};
/* End PBXFrameworksBuildPhase section */

/* Begin PBXGroup section */
		48345BFECAB22D4480EEF730 /* Frameworks */ = {
			isa = PBXGroup;
			children = (
				CBB108C25901675EB83216DA /* Pods_tengwangge.framework */,
			);
			name = Frameworks;
			sourceTree = "<group>";
		};
		AA99F841F997F5E4A6150A63 /* Pods */ = {
			isa = PBXGroup;
			children = (
				9BBF1DDEE018D5BBF3FF1A16 /* Pods-tengwangge.debug.xcconfig */,
				0D2316DE4F7D72D53B52A17E /* Pods-tengwangge.release.xcconfig */,
			);
			name = Pods;
			sourceTree = "<group>";
		};
		AF4424FB216EE2B600A7EFBB = {
			isa = PBXGroup;
			children = (
				AFFBF027216F3A9500A32F57 /* UIViewController+YHViewControllerBaseCategory.h */,
				AFFBF028216F3A9500A32F57 /* UIViewController+YHViewControllerBaseCategory.m */,
				AF442506216EE2B600A7EFBB /* tengwangge */,
				AF44251F216EE2B800A7EFBB /* tengwanggeTests */,
				AF44252A216EE2B800A7EFBB /* tengwanggeUITests */,
				AF442505216EE2B600A7EFBB /* Products */,
				AA99F841F997F5E4A6150A63 /* Pods */,
				48345BFECAB22D4480EEF730 /* Frameworks */,
			);
			sourceTree = "<group>";
		};
		AF442505216EE2B600A7EFBB /* Products */ = {
			isa = PBXGroup;
			children = (
				AF442504216EE2B600A7EFBB /* tengwangge.app */,
				AF44251C216EE2B800A7EFBB /* tengwanggeTests.xctest */,
				AF442527216EE2B800A7EFBB /* tengwanggeUITests.xctest */,
			);
			name = Products;
			sourceTree = "<group>";
		};
		AF442506216EE2B600A7EFBB /* tengwangge */ = {
			isa = PBXGroup;
			children = (
				AFFBF030216F43BD00A32F57 /* MessageModel.h */,
				AFFBF031216F43BD00A32F57 /* MessageModel.m */,
				AFFBF02D216F3DE300A32F57 /* MessageViewController.h */,
				AFFBF02E216F3DE300A32F57 /* MessageViewController.m */,
				AF77668E21709BF700CAB5DE /* MessageTableViewCell.h */,
				AF77668F21709BF700CAB5DE /* MessageTableViewCell.m */,
				AF77669021709BF700CAB5DE /* MessageTableViewCell.xib */,
				AFFBF033216F46C800A32F57 /* MessageInfoViewController.h */,
				AFFBF034216F46C800A32F57 /* MessageInfoViewController.m */,
				AFFBF02A216F3D6200A32F57 /* PayViewController.h */,
				AFFBF02B216F3D6200A32F57 /* PayViewController.m */,
				AF7766892170834E00CAB5DE /* PayTableViewCell.h */,
				AF77668A2170834E00CAB5DE /* PayTableViewCell.m */,
				AF77668B2170834E00CAB5DE /* PayTableViewCell.xib */,
				AF776686217082AB00CAB5DE /* PayModel.h */,
				AF776687217082AB00CAB5DE /* PayModel.m */,
				AFFBF024216F381200A32F57 /* ComplaintsViewController.h */,
				AFFBF025216F381200A32F57 /* ComplaintsViewController.m */,
				AFFBF03E216F588500A32F57 /* ComplaintsPutViewController.h */,
				AFFBF03F216F588500A32F57 /* ComplaintsPutViewController.m */,
				AFFBF036216F4D2800A32F57 /* ComplaintsModel.h */,
				AFFBF037216F4D2800A32F57 /* ComplaintsModel.m */,
				AFFBF039216F4E7500A32F57 /* ComplainTableViewCell.h */,
				AFFBF03A216F4E7500A32F57 /* ComplainTableViewCell.m */,
				AFFBF03B216F4E7500A32F57 /* ComplainTableViewCell.xib */,
				AF442542216F21C900A7EFBB /* MainViewActionButton.h */,
				AF442543216F21C900A7EFBB /* MainViewActionButton.m */,
				AF44253C216EEF2500A7EFBB /* MainViewController.h */,
				AF44253D216EEF2500A7EFBB /* MainViewController.m */,
				AF442539216EED9000A7EFBB /* YHBaseNavigationController.h */,
				AF44253A216EED9000A7EFBB /* YHBaseNavigationController.m */,
				AF442507216EE2B600A7EFBB /* AppDelegate.h */,
				AF442508216EE2B600A7EFBB /* AppDelegate.m */,
				AF44250D216EE2B600A7EFBB /* Main.storyboard */,
				AF442510216EE2B800A7EFBB /* Assets.xcassets */,
				AF442512216EE2B800A7EFBB /* LaunchScreen.storyboard */,
				AF442515216EE2B800A7EFBB /* Info.plist */,
				AF442516216EE2B800A7EFBB /* main.m */,
			);
			path = tengwangge;
			sourceTree = "<group>";
		};
		AF44251F216EE2B800A7EFBB /* tengwanggeTests */ = {
			isa = PBXGroup;
			children = (
				AF442520216EE2B800A7EFBB /* tengwanggeTests.m */,
				AF442522216EE2B800A7EFBB /* Info.plist */,
			);
			path = tengwanggeTests;
			sourceTree = "<group>";
		};
		AF44252A216EE2B800A7EFBB /* tengwanggeUITests */ = {
			isa = PBXGroup;
			children = (
				AF44252B216EE2B800A7EFBB /* tengwanggeUITests.m */,
				AF44252D216EE2B800A7EFBB /* Info.plist */,
			);
			path = tengwanggeUITests;
			sourceTree = "<group>";
		};
/* End PBXGroup section */

/* Begin PBXNativeTarget section */
		AF442503216EE2B600A7EFBB /* tengwangge */ = {
			isa = PBXNativeTarget;
			buildConfigurationList = AF442530216EE2B800A7EFBB /* Build configuration list for PBXNativeTarget "tengwangge" */;
			buildPhases = (
				1DE84C4B4BCAA621A6E79CA0 /* [CP] Check Pods Manifest.lock */,
				AF442500216EE2B600A7EFBB /* Sources */,
				AF442501216EE2B600A7EFBB /* Frameworks */,
				AF442502216EE2B600A7EFBB /* Resources */,
				AC200A9C728DACEB8D40443D /* [CP] Embed Pods Frameworks */,
			);
			buildRules = (
			);
			dependencies = (
			);
			name = tengwangge;
			productName = tengwangge;
			productReference = AF442504216EE2B600A7EFBB /* tengwangge.app */;
			productType = "com.apple.product-type.application";
		};
		AF44251B216EE2B800A7EFBB /* tengwanggeTests */ = {
			isa = PBXNativeTarget;
			buildConfigurationList = AF442533216EE2B800A7EFBB /* Build configuration list for PBXNativeTarget "tengwanggeTests" */;
			buildPhases = (
				AF442518216EE2B800A7EFBB /* Sources */,
				AF442519216EE2B800A7EFBB /* Frameworks */,
				AF44251A216EE2B800A7EFBB /* Resources */,
			);
			buildRules = (
			);
			dependencies = (
				AF44251E216EE2B800A7EFBB /* PBXTargetDependency */,
			);
			name = tengwanggeTests;
			productName = tengwanggeTests;
			productReference = AF44251C216EE2B800A7EFBB /* tengwanggeTests.xctest */;
			productType = "com.apple.product-type.bundle.unit-test";
		};
		AF442526216EE2B800A7EFBB /* tengwanggeUITests */ = {
			isa = PBXNativeTarget;
			buildConfigurationList = AF442536216EE2B800A7EFBB /* Build configuration list for PBXNativeTarget "tengwanggeUITests" */;
			buildPhases = (
				AF442523216EE2B800A7EFBB /* Sources */,
				AF442524216EE2B800A7EFBB /* Frameworks */,
				AF442525216EE2B800A7EFBB /* Resources */,
			);
			buildRules = (
			);
			dependencies = (
				AF442529216EE2B800A7EFBB /* PBXTargetDependency */,
			);
			name = tengwanggeUITests;
			productName = tengwanggeUITests;
			productReference = AF442527216EE2B800A7EFBB /* tengwanggeUITests.xctest */;
			productType = "com.apple.product-type.bundle.ui-testing";
		};
/* End PBXNativeTarget section */

/* Begin PBXProject section */
		AF4424FC216EE2B600A7EFBB /* Project object */ = {
			isa = PBXProject;
			attributes = {
				LastUpgradeCheck = 1000;
				ORGANIZATIONNAME = Joker;
				TargetAttributes = {
					AF442503216EE2B600A7EFBB = {
						CreatedOnToolsVersion = 10.0;
					};
					AF44251B216EE2B800A7EFBB = {
						CreatedOnToolsVersion = 10.0;
						TestTargetID = AF442503216EE2B600A7EFBB;
					};
					AF442526216EE2B800A7EFBB = {
						CreatedOnToolsVersion = 10.0;
						TestTargetID = AF442503216EE2B600A7EFBB;
					};
				};
			};
			buildConfigurationList = AF4424FF216EE2B600A7EFBB /* Build configuration list for PBXProject "tengwangge" */;
			compatibilityVersion = "Xcode 9.3";
			developmentRegion = en;
			hasScannedForEncodings = 0;
			knownRegions = (
				en,
				Base,
			);
			mainGroup = AF4424FB216EE2B600A7EFBB;
			productRefGroup = AF442505216EE2B600A7EFBB /* Products */;
			projectDirPath = "";
			projectRoot = "";
			targets = (
				AF442503216EE2B600A7EFBB /* tengwangge */,
				AF44251B216EE2B800A7EFBB /* tengwanggeTests */,
				AF442526216EE2B800A7EFBB /* tengwanggeUITests */,
			);
		};
/* End PBXProject section */

/* Begin PBXResourcesBuildPhase section */
		AF442502216EE2B600A7EFBB /* Resources */ = {
			isa = PBXResourcesBuildPhase;
			buildActionMask = 2147483647;
			files = (
				AFFBF03D216F4E7500A32F57 /* ComplainTableViewCell.xib in Resources */,
				AF77669221709BF700CAB5DE /* MessageTableViewCell.xib in Resources */,
				AF442514216EE2B800A7EFBB /* LaunchScreen.storyboard in Resources */,
				AF442511216EE2B800A7EFBB /* Assets.xcassets in Resources */,
				AF44250F216EE2B600A7EFBB /* Main.storyboard in Resources */,
				AF77668D2170834E00CAB5DE /* PayTableViewCell.xib in Resources */,
			);
			runOnlyForDeploymentPostprocessing = 0;
		};
		AF44251A216EE2B800A7EFBB /* Resources */ = {
			isa = PBXResourcesBuildPhase;
			buildActionMask = 2147483647;
			files = (
			);
			runOnlyForDeploymentPostprocessing = 0;
		};
		AF442525216EE2B800A7EFBB /* Resources */ = {
			isa = PBXResourcesBuildPhase;
			buildActionMask = 2147483647;
			files = (
			);
			runOnlyForDeploymentPostprocessing = 0;
		};
/* End PBXResourcesBuildPhase section */

/* Begin PBXShellScriptBuildPhase section */
		1DE84C4B4BCAA621A6E79CA0 /* [CP] Check Pods Manifest.lock */ = {
			isa = PBXShellScriptBuildPhase;
			buildActionMask = 2147483647;
			files = (
			);
			inputPaths = (
				"${PODS_PODFILE_DIR_PATH}/Podfile.lock",
				"${PODS_ROOT}/Manifest.lock",
			);
			name = "[CP] Check Pods Manifest.lock";
			outputPaths = (
				"$(DERIVED_FILE_DIR)/Pods-tengwangge-checkManifestLockResult.txt",
			);
			runOnlyForDeploymentPostprocessing = 0;
			shellPath = /bin/sh;
			shellScript = "diff \"${PODS_PODFILE_DIR_PATH}/Podfile.lock\" \"${PODS_ROOT}/Manifest.lock\" > /dev/null\nif [ $? != 0 ] ; then\n    # print error to STDERR\n    echo \"error: The sandbox is not in sync with the Podfile.lock. Run 'pod install' or update your CocoaPods installation.\" >&2\n    exit 1\nfi\n# This output is used by Xcode 'outputs' to avoid re-running this script phase.\necho \"SUCCESS\" > \"${SCRIPT_OUTPUT_FILE_0}\"\n";
			showEnvVarsInLog = 0;
		};
		AC200A9C728DACEB8D40443D /* [CP] Embed Pods Frameworks */ = {
			isa = PBXShellScriptBuildPhase;
			buildActionMask = 2147483647;
			files = (
			);
			inputPaths = (
				"${SRCROOT}/Pods/Target Support Files/Pods-tengwangge/Pods-tengwangge-frameworks.sh",
				"${BUILT_PRODUCTS_DIR}/IQKeyboardManager/IQKeyboardManager.framework",
				"${BUILT_PRODUCTS_DIR}/MBProgressHUD/MBProgressHUD.framework",
				"${BUILT_PRODUCTS_DIR}/MJRefresh/MJRefresh.framework",
				"${BUILT_PRODUCTS_DIR}/YHCategroy/YHCategroy.framework",
				"${BUILT_PRODUCTS_DIR}/YHModaTransitonHelper/YHModaTransitonHelper.framework",
				"${BUILT_PRODUCTS_DIR}/YYCache/YYCache.framework",
			);
			name = "[CP] Embed Pods Frameworks";
			outputPaths = (
				"${TARGET_BUILD_DIR}/${FRAMEWORKS_FOLDER_PATH}/IQKeyboardManager.framework",
				"${TARGET_BUILD_DIR}/${FRAMEWORKS_FOLDER_PATH}/MBProgressHUD.framework",
				"${TARGET_BUILD_DIR}/${FRAMEWORKS_FOLDER_PATH}/MJRefresh.framework",
				"${TARGET_BUILD_DIR}/${FRAMEWORKS_FOLDER_PATH}/YHCategroy.framework",
				"${TARGET_BUILD_DIR}/${FRAMEWORKS_FOLDER_PATH}/YHModaTransitonHelper.framework",
				"${TARGET_BUILD_DIR}/${FRAMEWORKS_FOLDER_PATH}/YYCache.framework",
			);
			runOnlyForDeploymentPostprocessing = 0;
			shellPath = /bin/sh;
			shellScript = "\"${SRCROOT}/Pods/Target Support Files/Pods-tengwangge/Pods-tengwangge-frameworks.sh\"\n";
			showEnvVarsInLog = 0;
		};
/* End PBXShellScriptBuildPhase section */

/* Begin PBXSourcesBuildPhase section */
		AF442500216EE2B600A7EFBB /* Sources */ = {
			isa = PBXSourcesBuildPhase;
			buildActionMask = 2147483647;
			files = (
				AF442544216F21C900A7EFBB /* MainViewActionButton.m in Sources */,
				AF442517216EE2B800A7EFBB /* main.m in Sources */,
				AFFBF040216F588500A32F57 /* ComplaintsPutViewController.m in Sources */,
				AFFBF029216F3A9500A32F57 /* UIViewController+YHViewControllerBaseCategory.m in Sources */,
				AF442509216EE2B600A7EFBB /* AppDelegate.m in Sources */,
				AFFBF026216F381200A32F57 /* ComplaintsViewController.m in Sources */,
				AF44253B216EED9000A7EFBB /* YHBaseNavigationController.m in Sources */,
				AFFBF02F216F3DE300A32F57 /* MessageViewController.m in Sources */,
				AF776688217082AB00CAB5DE /* PayModel.m in Sources */,
				AF77669121709BF700CAB5DE /* MessageTableViewCell.m in Sources */,
				AFFBF038216F4D2800A32F57 /* ComplaintsModel.m in Sources */,
				AF77668C2170834E00CAB5DE /* PayTableViewCell.m in Sources */,
				AFFBF035216F46C800A32F57 /* MessageInfoViewController.m in Sources */,
				AFFBF032216F43BD00A32F57 /* MessageModel.m in Sources */,
				AFFBF03C216F4E7500A32F57 /* ComplainTableViewCell.m in Sources */,
				AF44253E216EEF2500A7EFBB /* MainViewController.m in Sources */,
				AFFBF02C216F3D6200A32F57 /* PayViewController.m in Sources */,
			);
			runOnlyForDeploymentPostprocessing = 0;
		};
		AF442518216EE2B800A7EFBB /* Sources */ = {
			isa = PBXSourcesBuildPhase;
			buildActionMask = 2147483647;
			files = (
				AF442521216EE2B800A7EFBB /* tengwanggeTests.m in Sources */,
			);
			runOnlyForDeploymentPostprocessing = 0;
		};
		AF442523216EE2B800A7EFBB /* Sources */ = {
			isa = PBXSourcesBuildPhase;
			buildActionMask = 2147483647;
			files = (
				AF44252C216EE2B800A7EFBB /* tengwanggeUITests.m in Sources */,
			);
			runOnlyForDeploymentPostprocessing = 0;
		};
/* End PBXSourcesBuildPhase section */

/* Begin PBXTargetDependency section */
		AF44251E216EE2B800A7EFBB /* PBXTargetDependency */ = {
			isa = PBXTargetDependency;
			target = AF442503216EE2B600A7EFBB /* tengwangge */;
			targetProxy = AF44251D216EE2B800A7EFBB /* PBXContainerItemProxy */;
		};
		AF442529216EE2B800A7EFBB /* PBXTargetDependency */ = {
			isa = PBXTargetDependency;
			target = AF442503216EE2B600A7EFBB /* tengwangge */;
			targetProxy = AF442528216EE2B800A7EFBB /* PBXContainerItemProxy */;
		};
/* End PBXTargetDependency section */

/* Begin PBXVariantGroup section */
		AF44250D216EE2B600A7EFBB /* Main.storyboard */ = {
			isa = PBXVariantGroup;
			children = (
				AF44250E216EE2B600A7EFBB /* Base */,
			);
			name = Main.storyboard;
			sourceTree = "<group>";
		};
		AF442512216EE2B800A7EFBB /* LaunchScreen.storyboard */ = {
			isa = PBXVariantGroup;
			children = (
				AF442513216EE2B800A7EFBB /* Base */,
			);
			name = LaunchScreen.storyboard;
			sourceTree = "<group>";
		};
/* End PBXVariantGroup section */

/* Begin XCBuildConfiguration section */
		AF44252E216EE2B800A7EFBB /* Debug */ = {
			isa = XCBuildConfiguration;
			buildSettings = {
				ALWAYS_SEARCH_USER_PATHS = NO;
				CLANG_ANALYZER_NONNULL = YES;
				CLANG_ANALYZER_NUMBER_OBJECT_CONVERSION = YES_AGGRESSIVE;
				CLANG_CXX_LANGUAGE_STANDARD = "gnu++14";
				CLANG_CXX_LIBRARY = "libc++";
				CLANG_ENABLE_MODULES = YES;
				CLANG_ENABLE_OBJC_ARC = YES;
				CLANG_ENABLE_OBJC_WEAK = YES;
				CLANG_WARN_BLOCK_CAPTURE_AUTORELEASING = YES;
				CLANG_WARN_BOOL_CONVERSION = YES;
				CLANG_WARN_COMMA = YES;
				CLANG_WARN_CONSTANT_CONVERSION = YES;
				CLANG_WARN_DEPRECATED_OBJC_IMPLEMENTATIONS = YES;
				CLANG_WARN_DIRECT_OBJC_ISA_USAGE = YES_ERROR;
				CLANG_WARN_DOCUMENTATION_COMMENTS = YES;
				CLANG_WARN_EMPTY_BODY = YES;
				CLANG_WARN_ENUM_CONVERSION = YES;
				CLANG_WARN_INFINITE_RECURSION = YES;
				CLANG_WARN_INT_CONVERSION = YES;
				CLANG_WARN_NON_LITERAL_NULL_CONVERSION = YES;
				CLANG_WARN_OBJC_IMPLICIT_RETAIN_SELF = YES;
				CLANG_WARN_OBJC_LITERAL_CONVERSION = YES;
				CLANG_WARN_OBJC_ROOT_CLASS = YES_ERROR;
				CLANG_WARN_RANGE_LOOP_ANALYSIS = YES;
				CLANG_WARN_STRICT_PROTOTYPES = YES;
				CLANG_WARN_SUSPICIOUS_MOVE = YES;
				CLANG_WARN_UNGUARDED_AVAILABILITY = YES_AGGRESSIVE;
				CLANG_WARN_UNREACHABLE_CODE = YES;
				CLANG_WARN__DUPLICATE_METHOD_MATCH = YES;
				CODE_SIGN_IDENTITY = "iPhone Developer";
				COPY_PHASE_STRIP = NO;
				DEBUG_INFORMATION_FORMAT = dwarf;
				ENABLE_STRICT_OBJC_MSGSEND = YES;
				ENABLE_TESTABILITY = YES;
				GCC_C_LANGUAGE_STANDARD = gnu11;
				GCC_DYNAMIC_NO_PIC = NO;
				GCC_NO_COMMON_BLOCKS = YES;
				GCC_OPTIMIZATION_LEVEL = 0;
				GCC_PREPROCESSOR_DEFINITIONS = (
					"DEBUG=1",
					"$(inherited)",
				);
				GCC_WARN_64_TO_32_BIT_CONVERSION = YES;
				GCC_WARN_ABOUT_RETURN_TYPE = YES_ERROR;
				GCC_WARN_UNDECLARED_SELECTOR = YES;
				GCC_WARN_UNINITIALIZED_AUTOS = YES_AGGRESSIVE;
				GCC_WARN_UNUSED_FUNCTION = YES;
				GCC_WARN_UNUSED_VARIABLE = YES;
				IPHONEOS_DEPLOYMENT_TARGET = 12.0;
				MTL_ENABLE_DEBUG_INFO = INCLUDE_SOURCE;
				MTL_FAST_MATH = YES;
				ONLY_ACTIVE_ARCH = YES;
				SDKROOT = iphoneos;
			};
			name = Debug;
		};
		AF44252F216EE2B800A7EFBB /* Release */ = {
			isa = XCBuildConfiguration;
			buildSettings = {
				ALWAYS_SEARCH_USER_PATHS = NO;
				CLANG_ANALYZER_NONNULL = YES;
				CLANG_ANALYZER_NUMBER_OBJECT_CONVERSION = YES_AGGRESSIVE;
				CLANG_CXX_LANGUAGE_STANDARD = "gnu++14";
				CLANG_CXX_LIBRARY = "libc++";
				CLANG_ENABLE_MODULES = YES;
				CLANG_ENABLE_OBJC_ARC = YES;
				CLANG_ENABLE_OBJC_WEAK = YES;
				CLANG_WARN_BLOCK_CAPTURE_AUTORELEASING = YES;
				CLANG_WARN_BOOL_CONVERSION = YES;
				CLANG_WARN_COMMA = YES;
				CLANG_WARN_CONSTANT_CONVERSION = YES;
				CLANG_WARN_DEPRECATED_OBJC_IMPLEMENTATIONS = YES;
				CLANG_WARN_DIRECT_OBJC_ISA_USAGE = YES_ERROR;
				CLANG_WARN_DOCUMENTATION_COMMENTS = YES;
				CLANG_WARN_EMPTY_BODY = YES;
				CLANG_WARN_ENUM_CONVERSION = YES;
				CLANG_WARN_INFINITE_RECURSION = YES;
				CLANG_WARN_INT_CONVERSION = YES;
				CLANG_WARN_NON_LITERAL_NULL_CONVERSION = YES;
				CLANG_WARN_OBJC_IMPLICIT_RETAIN_SELF = YES;
				CLANG_WARN_OBJC_LITERAL_CONVERSION = YES;
				CLANG_WARN_OBJC_ROOT_CLASS = YES_ERROR;
				CLANG_WARN_RANGE_LOOP_ANALYSIS = YES;
				CLANG_WARN_STRICT_PROTOTYPES = YES;
				CLANG_WARN_SUSPICIOUS_MOVE = YES;
				CLANG_WARN_UNGUARDED_AVAILABILITY = YES_AGGRESSIVE;
				CLANG_WARN_UNREACHABLE_CODE = YES;
				CLANG_WARN__DUPLICATE_METHOD_MATCH = YES;
				CODE_SIGN_IDENTITY = "iPhone Developer";
				COPY_PHASE_STRIP = NO;
				DEBUG_INFORMATION_FORMAT = "dwarf-with-dsym";
				ENABLE_NS_ASSERTIONS = NO;
				ENABLE_STRICT_OBJC_MSGSEND = YES;
				GCC_C_LANGUAGE_STANDARD = gnu11;
				GCC_NO_COMMON_BLOCKS = YES;
				GCC_WARN_64_TO_32_BIT_CONVERSION = YES;
				GCC_WARN_ABOUT_RETURN_TYPE = YES_ERROR;
				GCC_WARN_UNDECLARED_SELECTOR = YES;
				GCC_WARN_UNINITIALIZED_AUTOS = YES_AGGRESSIVE;
				GCC_WARN_UNUSED_FUNCTION = YES;
				GCC_WARN_UNUSED_VARIABLE = YES;
				IPHONEOS_DEPLOYMENT_TARGET = 12.0;
				MTL_ENABLE_DEBUG_INFO = NO;
				MTL_FAST_MATH = YES;
				SDKROOT = iphoneos;
				VALIDATE_PRODUCT = YES;
			};
			name = Release;
		};
		AF442531216EE2B800A7EFBB /* Debug */ = {
			isa = XCBuildConfiguration;
			baseConfigurationReference = 9BBF1DDEE018D5BBF3FF1A16 /* Pods-tengwangge.debug.xcconfig */;
			buildSettings = {
				ASSETCATALOG_COMPILER_APPICON_NAME = AppIcon;
				CODE_SIGN_STYLE = Automatic;
				DEVELOPMENT_TEAM = WH25XMTWX7;
				INFOPLIST_FILE = tengwangge/Info.plist;
				IPHONEOS_DEPLOYMENT_TARGET = 11.0;
				LD_RUNPATH_SEARCH_PATHS = (
					"$(inherited)",
					"@executable_path/Frameworks",
				);
				PRODUCT_BUNDLE_IDENTIFIER = com.Joker.tengwangge;
				PRODUCT_NAME = "$(TARGET_NAME)";
				TARGETED_DEVICE_FAMILY = "1,2";
			};
			name = Debug;
		};
		AF442532216EE2B800A7EFBB /* Release */ = {
			isa = XCBuildConfiguration;
			baseConfigurationReference = 0D2316DE4F7D72D53B52A17E /* Pods-tengwangge.release.xcconfig */;
			buildSettings = {
				ASSETCATALOG_COMPILER_APPICON_NAME = AppIcon;
				CODE_SIGN_STYLE = Automatic;
				DEVELOPMENT_TEAM = WH25XMTWX7;
				INFOPLIST_FILE = tengwangge/Info.plist;
				IPHONEOS_DEPLOYMENT_TARGET = 11.0;
				LD_RUNPATH_SEARCH_PATHS = (
					"$(inherited)",
					"@executable_path/Frameworks",
				);
				PRODUCT_BUNDLE_IDENTIFIER = com.Joker.tengwangge;
				PRODUCT_NAME = "$(TARGET_NAME)";
				TARGETED_DEVICE_FAMILY = "1,2";
			};
			name = Release;
		};
		AF442534216EE2B800A7EFBB /* Debug */ = {
			isa = XCBuildConfiguration;
			buildSettings = {
				BUNDLE_LOADER = "$(TEST_HOST)";
				CODE_SIGN_STYLE = Automatic;
				DEVELOPMENT_TEAM = WH25XMTWX7;
				INFOPLIST_FILE = tengwanggeTests/Info.plist;
				LD_RUNPATH_SEARCH_PATHS = (
					"$(inherited)",
					"@executable_path/Frameworks",
					"@loader_path/Frameworks",
				);
				PRODUCT_BUNDLE_IDENTIFIER = com.Joker.tengwanggeTests;
				PRODUCT_NAME = "$(TARGET_NAME)";
				TARGETED_DEVICE_FAMILY = "1,2";
				TEST_HOST = "$(BUILT_PRODUCTS_DIR)/tengwangge.app/tengwangge";
			};
			name = Debug;
		};
		AF442535216EE2B800A7EFBB /* Release */ = {
			isa = XCBuildConfiguration;
			buildSettings = {
				BUNDLE_LOADER = "$(TEST_HOST)";
				CODE_SIGN_STYLE = Automatic;
				DEVELOPMENT_TEAM = WH25XMTWX7;
				INFOPLIST_FILE = tengwanggeTests/Info.plist;
				LD_RUNPATH_SEARCH_PATHS = (
					"$(inherited)",
					"@executable_path/Frameworks",
					"@loader_path/Frameworks",
				);
				PRODUCT_BUNDLE_IDENTIFIER = com.Joker.tengwanggeTests;
				PRODUCT_NAME = "$(TARGET_NAME)";
				TARGETED_DEVICE_FAMILY = "1,2";
				TEST_HOST = "$(BUILT_PRODUCTS_DIR)/tengwangge.app/tengwangge";
			};
			name = Release;
		};
		AF442537216EE2B800A7EFBB /* Debug */ = {
			isa = XCBuildConfiguration;
			buildSettings = {
				CODE_SIGN_STYLE = Automatic;
				DEVELOPMENT_TEAM = WH25XMTWX7;
				INFOPLIST_FILE = tengwanggeUITests/Info.plist;
				LD_RUNPATH_SEARCH_PATHS = (
					"$(inherited)",
					"@executable_path/Frameworks",
					"@loader_path/Frameworks",
				);
				PRODUCT_BUNDLE_IDENTIFIER = com.Joker.tengwanggeUITests;
				PRODUCT_NAME = "$(TARGET_NAME)";
				TARGETED_DEVICE_FAMILY = "1,2";
				TEST_TARGET_NAME = tengwangge;
			};
			name = Debug;
		};
		AF442538216EE2B800A7EFBB /* Release */ = {
			isa = XCBuildConfiguration;
			buildSettings = {
				CODE_SIGN_STYLE = Automatic;
				DEVELOPMENT_TEAM = WH25XMTWX7;
				INFOPLIST_FILE = tengwanggeUITests/Info.plist;
				LD_RUNPATH_SEARCH_PATHS = (
					"$(inherited)",
					"@executable_path/Frameworks",
					"@loader_path/Frameworks",
				);
				PRODUCT_BUNDLE_IDENTIFIER = com.Joker.tengwanggeUITests;
				PRODUCT_NAME = "$(TARGET_NAME)";
				TARGETED_DEVICE_FAMILY = "1,2";
				TEST_TARGET_NAME = tengwangge;
			};
			name = Release;
		};
/* End XCBuildConfiguration section */

/* Begin XCConfigurationList section */
		AF4424FF216EE2B600A7EFBB /* Build configuration list for PBXProject "tengwangge" */ = {
			isa = XCConfigurationList;
			buildConfigurations = (
				AF44252E216EE2B800A7EFBB /* Debug */,
				AF44252F216EE2B800A7EFBB /* Release */,
			);
			defaultConfigurationIsVisible = 0;
			defaultConfigurationName = Release;
		};
		AF442530216EE2B800A7EFBB /* Build configuration list for PBXNativeTarget "tengwangge" */ = {
			isa = XCConfigurationList;
			buildConfigurations = (
				AF442531216EE2B800A7EFBB /* Debug */,
				AF442532216EE2B800A7EFBB /* Release */,
			);
			defaultConfigurationIsVisible = 0;
			defaultConfigurationName = Release;
		};
		AF442533216EE2B800A7EFBB /* Build configuration list for PBXNativeTarget "tengwanggeTests" */ = {
			isa = XCConfigurationList;
			buildConfigurations = (
				AF442534216EE2B800A7EFBB /* Debug */,
				AF442535216EE2B800A7EFBB /* Release */,
			);
			defaultConfigurationIsVisible = 0;
			defaultConfigurationName = Release;
		};
		AF442536216EE2B800A7EFBB /* Build configuration list for PBXNativeTarget "tengwanggeUITests" */ = {
			isa = XCConfigurationList;
			buildConfigurations = (
				AF442537216EE2B800A7EFBB /* Debug */,
				AF442538216EE2B800A7EFBB /* Release */,
			);
			defaultConfigurationIsVisible = 0;
			defaultConfigurationName = Release;
		};
/* End XCConfigurationList section */
	};
	rootObject = AF4424FC216EE2B600A7EFBB /* Project object */;
}
