PODS:
  - IQKeyboardManager (6.0.4)
  - MBProgressHUD (1.1.0)
  - MJRefresh (3.1.15.3)
  - YHCategroy (0.0.6)
  - YHModaTransitonHelper (0.0.2)
  - YYCache (1.0.4)

DEPENDENCIES:
  - IQKeyboardManager
  - MBProgressHUD
  - MJRefresh
  - YHCategroy
  - YHModaTransitonHelper
  - YYCache

SPEC REPOS:
  https://github.com/cocoapods/specs.git:
    - IQKeyboardManager
    - MBProgressHUD
    - MJRefresh
    - YHCategroy
    - YHModaTransitonHelper
    - YYCache

SPEC CHECKSUMS:
  IQKeyboardManager: 29514134ef0334a6fa33cf4eee11c36c064baeaf
  MBProgressHUD: e7baa36a220447d8aeb12769bf0585582f3866d9
  MJRefresh: b48380ae2b927b46c4ef000de9adb8dc748e1df7
  YHCategroy: 3ef0133cb28d7513fc8bd34d8a05632346903fdf
  YHModaTransitonHelper: 063295dc99c25ffd7118d52ec24f90b8b568b1f4
  YYCache: 8105b6638f5e849296c71f331ff83891a4942952

PODFILE CHECKSUM: 1ff3cadb2642bf243023f7c8b42690e44c4d650f

COCOAPODS: 1.5.3
